// !$*UTF8*$!
{
	archiveVersion = 1;
	classes = {
	};
	objectVersion = 46;
	objects = {

/* Begin PBXBuildFile section */
		902648791F2F5A2E007148FE /* MyUntils.swift in Sources */ = {isa = PBXBuildFile; fileRef = 902648781F2F5A2E007148FE /* MyUntils.swift */; };
		904D1A5D1F2EA72C0035015E /* AppDelegate.swift in Sources */ = {isa = PBXBuildFile; fileRef = 904D1A5C1F2EA72C0035015E /* AppDelegate.swift */; };
		904D1A611F2EA72D0035015E /* Actions.sks in Resources */ = {isa = PBXBuildFile; fileRef = 904D1A601F2EA72D0035015E /* Actions.sks */; };
		904D1A631F2EA72D0035015E /* GameScene.swift in Sources */ = {isa = PBXBuildFile; fileRef = 904D1A621F2EA72D0035015E /* GameScene.swift */; };
		904D1A651F2EA72E0035015E /* GameViewController.swift in Sources */ = {isa = PBXBuildFile; fileRef = 904D1A641F2EA72E0035015E /* GameViewController.swift */; };
		904D1A681F2EA72E0035015E /* Main.storyboard in Resources */ = {isa = PBXBuildFile; fileRef = 904D1A661F2EA72E0035015E /* Main.storyboard */; };
		904D1A6A1F2EA72F0035015E /* Assets.xcassets in Resources */ = {isa = PBXBuildFile; fileRef = 904D1A691F2EA72F0035015E /* Assets.xcassets */; };
		904D1A6D1F2EA72F0035015E /* LaunchScreen.storyboard in Resources */ = {isa = PBXBuildFile; fileRef = 904D1A6B1F2EA72F0035015E /* LaunchScreen.storyboard */; };
		904D1A781F2EA72F0035015E /* SpriteDemoTests.swift in Sources */ = {isa = PBXBuildFile; fileRef = 904D1A771F2EA72F0035015E /* SpriteDemoTests.swift */; };
		904D1A831F2EA72F0035015E /* SpriteDemoUITests.swift in Sources */ = {isa = PBXBuildFile; fileRef = 904D1A821F2EA72F0035015E /* SpriteDemoUITests.swift */; };
/* End PBXBuildFile section */

/* Begin PBXContainerItemProxy section */
		904D1A741F2EA72F0035015E /* PBXContainerItemProxy */ = {
			isa = PBXContainerItemProxy;
			containerPortal = 904D1A511F2EA72C0035015E /* Project object */;
			proxyType = 1;
			remoteGlobalIDString = 904D1A581F2EA72C0035015E;
			remoteInfo = SpriteDemo;
		};
		904D1A7F1F2EA72F0035015E /* PBXContainerItemProxy */ = {
			isa = PBXContainerItemProxy;
			containerPortal = 904D1A511F2EA72C0035015E /* Project object */;
			proxyType = 1;
			remoteGlobalIDString = 904D1A581F2EA72C0035015E;
			remoteInfo = SpriteDemo;
		};
/* End PBXContainerItemProxy section */

/* Begin PBXFileReference section */
		902648781F2F5A2E007148FE /* MyUntils.swift */ = {isa = PBXFileReference; fileEncoding = 4; lastKnownFileType = sourcecode.swift; path = MyUntils.swift; sourceTree = "<group>"; };
		904D1A591F2EA72C0035015E /* SpriteDemo.app */ = {isa = PBXFileReference; explicitFileType = wrapper.application; includeInIndex = 0; path = SpriteDemo.app; sourceTree = BUILT_PRODUCTS_DIR; };
		904D1A5C1F2EA72C0035015E /* AppDelegate.swift */ = {isa = PBXFileReference; lastKnownFileType = sourcecode.swift; path = AppDelegate.swift; sourceTree = "<group>"; };
		904D1A601F2EA72D0035015E /* Actions.sks */ = {isa = PBXFileReference; lastKnownFileType = file.sks; path = Actions.sks; sourceTree = "<group>"; };
		904D1A621F2EA72D0035015E /* GameScene.swift */ = {isa = PBXFileReference; lastKnownFileType = sourcecode.swift; path = GameScene.swift; sourceTree = "<group>"; };
		904D1A641F2EA72E0035015E /* GameViewController.swift */ = {isa = PBXFileReference; lastKnownFileType = sourcecode.swift; path = GameViewController.swift; sourceTree = "<group>"; };
		904D1A671F2EA72E0035015E /* Base */ = {isa = PBXFileReference; lastKnownFileType = file.storyboard; name = Base; path = Base.lproj/Main.storyboard; sourceTree = "<group>"; };
		904D1A691F2EA72F0035015E /* Assets.xcassets */ = {isa = PBXFileReference; lastKnownFileType = folder.assetcatalog; path = Assets.xcassets; sourceTree = "<group>"; };
		904D1A6C1F2EA72F0035015E /* Base */ = {isa = PBXFileReference; lastKnownFileType = file.storyboard; name = Base; path = Base.lproj/LaunchScreen.storyboard; sourceTree = "<group>"; };
		904D1A6E1F2EA72F0035015E /* Info.plist */ = {isa = PBXFileReference; lastKnownFileType = text.plist.xml; path = Info.plist; sourceTree = "<group>"; };
		904D1A731F2EA72F0035015E /* SpriteDemoTests.xctest */ = {isa = PBXFileReference; explicitFileType = wrapper.cfbundle; includeInIndex = 0; path = SpriteDemoTests.xctest; sourceTree = BUILT_PRODUCTS_DIR; };
		904D1A771F2EA72F0035015E /* SpriteDemoTests.swift */ = {isa = PBXFileReference; lastKnownFileType = sourcecode.swift; path = SpriteDemoTests.swift; sourceTree = "<group>"; };
		904D1A791F2EA72F0035015E /* Info.plist */ = {isa = PBXFileReference; lastKnownFileType = text.plist.xml; path = Info.plist; sourceTree = "<group>"; };
		904D1A7E1F2EA72F0035015E /* SpriteDemoUITests.xctest */ = {isa = PBXFileReference; explicitFileType = wrapper.cfbundle; includeInIndex = 0; path = SpriteDemoUITests.xctest; sourceTree = BUILT_PRODUCTS_DIR; };
		904D1A821F2EA72F0035015E /* SpriteDemoUITests.swift */ = {isa = PBXFileReference; lastKnownFileType = sourcecode.swift; path = SpriteDemoUITests.swift; sourceTree = "<group>"; };
		904D1A841F2EA72F0035015E /* Info.plist */ = {isa = PBXFileReference; lastKnownFileType = text.plist.xml; path = Info.plist; sourceTree = "<group>"; };
/* End PBXFileReference section */

/* Begin PBXFrameworksBuildPhase section */
		904D1A561F2EA72C0035015E /* Frameworks */ = {
			isa = PBXFrameworksBuildPhase;
			buildActionMask = 2147483647;
			files = (
			);
			runOnlyForDeploymentPostprocessing = 0;
		};
		904D1A701F2EA72F0035015E /* Frameworks */ = {
			isa = PBXFrameworksBuildPhase;
			buildActionMask = 2147483647;
			files = (
			);
			runOnlyForDeploymentPostprocessing = 0;
		};
		904D1A7B1F2EA72F0035015E /* Frameworks */ = {
			isa = PBXFrameworksBuildPhase;
			buildActionMask = 2147483647;
			files = (
			);
			runOnlyForDeploymentPostprocessing = 0;
		};
/* End PBXFrameworksBuildPhase section */

/* Begin PBXGroup section */
		904D1A501F2EA72B0035015E = {
			isa = PBXGroup;
			children = (
				904D1A5B1F2EA72C0035015E /* SpriteDemo */,
				904D1A761F2EA72F0035015E /* SpriteDemoTests */,
				904D1A811F2EA72F0035015E /* SpriteDemoUITests */,
				904D1A5A1F2EA72C0035015E /* Products */,
			);
			sourceTree = "<group>";
		};
		904D1A5A1F2EA72C0035015E /* Products */ = {
			isa = PBXGroup;
			children = (
				904D1A591F2EA72C0035015E /* SpriteDemo.app */,
				904D1A731F2EA72F0035015E /* SpriteDemoTests.xctest */,
				904D1A7E1F2EA72F0035015E /* SpriteDemoUITests.xctest */,
			);
			name = Products;
			sourceTree = "<group>";
		};
		904D1A5B1F2EA72C0035015E /* SpriteDemo */ = {
			isa = PBXGroup;
			children = (
				904D1A5C1F2EA72C0035015E /* AppDelegate.swift */,
				902648781F2F5A2E007148FE /* MyUntils.swift */,
				904D1A601F2EA72D0035015E /* Actions.sks */,
				904D1A621F2EA72D0035015E /* GameScene.swift */,
				904D1A641F2EA72E0035015E /* GameViewController.swift */,
				904D1A661F2EA72E0035015E /* Main.storyboard */,
				904D1A691F2EA72F0035015E /* Assets.xcassets */,
				904D1A6B1F2EA72F0035015E /* LaunchScreen.storyboard */,
				904D1A6E1F2EA72F0035015E /* Info.plist */,
			);
			path = SpriteDemo;
			sourceTree = "<group>";
		};
		904D1A761F2EA72F0035015E /* SpriteDemoTests */ = {
			isa = PBXGroup;
			children = (
				904D1A771F2EA72F0035015E /* SpriteDemoTests.swift */,
				904D1A791F2EA72F0035015E /* Info.plist */,
			);
			path = SpriteDemoTests;
			sourceTree = "<group>";
		};
		904D1A811F2EA72F0035015E /* SpriteDemoUITests */ = {
			isa = PBXGroup;
			children = (
				904D1A821F2EA72F0035015E /* SpriteDemoUITests.swift */,
				904D1A841F2EA72F0035015E /* Info.plist */,
			);
			path = SpriteDemoUITests;
			sourceTree = "<group>";
		};
/* End PBXGroup section */

/* Begin PBXNativeTarget section */
		904D1A581F2EA72C0035015E /* SpriteDemo */ = {
			isa = PBXNativeTarget;
			buildConfigurationList = 904D1A871F2EA72F0035015E /* Build configuration list for PBXNativeTarget "SpriteDemo" */;
			buildPhases = (
				904D1A551F2EA72C0035015E /* Sources */,
				904D1A561F2EA72C0035015E /* Frameworks */,
				904D1A571F2EA72C0035015E /* Resources */,
			);
			buildRules = (
			);
			dependencies = (
			);
			name = SpriteDemo;
			productName = SpriteDemo;
			productReference = 904D1A591F2EA72C0035015E /* SpriteDemo.app */;
			productType = "com.apple.product-type.application";
		};
		904D1A721F2EA72F0035015E /* SpriteDemoTests */ = {
			isa = PBXNativeTarget;
			buildConfigurationList = 904D1A8A1F2EA72F0035015E /* Build configuration list for PBXNativeTarget "SpriteDemoTests" */;
			buildPhases = (
				904D1A6F1F2EA72F0035015E /* Sources */,
				904D1A701F2EA72F0035015E /* Frameworks */,
				904D1A711F2EA72F0035015E /* Resources */,
			);
			buildRules = (
			);
			dependencies = (
				904D1A751F2EA72F0035015E /* PBXTargetDependency */,
			);
			name = SpriteDemoTests;
			productName = SpriteDemoTests;
			productReference = 904D1A731F2EA72F0035015E /* SpriteDemoTests.xctest */;
			productType = "com.apple.product-type.bundle.unit-test";
		};
		904D1A7D1F2EA72F0035015E /* SpriteDemoUITests */ = {
			isa = PBXNativeTarget;
			buildConfigurationList = 904D1A8D1F2EA72F0035015E /* Build configuration list for PBXNativeTarget "SpriteDemoUITests" */;
			buildPhases = (
				904D1A7A1F2EA72F0035015E /* Sources */,
				904D1A7B1F2EA72F0035015E /* Frameworks */,
				904D1A7C1F2EA72F0035015E /* Resources */,
			);
			buildRules = (
			);
			dependencies = (
				904D1A801F2EA72F0035015E /* PBXTargetDependency */,
			);
			name = SpriteDemoUITests;
			productName = SpriteDemoUITests;
			productReference = 904D1A7E1F2EA72F0035015E /* SpriteDemoUITests.xctest */;
			productType = "com.apple.product-type.bundle.ui-testing";
		};
/* End PBXNativeTarget section */

/* Begin PBXProject section */
		904D1A511F2EA72C0035015E /* Project object */ = {
			isa = PBXProject;
			attributes = {
				LastSwiftUpdateCheck = 0830;
				LastUpgradeCheck = 0830;
				ORGANIZATIONNAME = "Li Sen";
				TargetAttributes = {
					904D1A581F2EA72C0035015E = {
						CreatedOnToolsVersion = 8.3.3;
						ProvisioningStyle = Automatic;
					};
					904D1A721F2EA72F0035015E = {
						CreatedOnToolsVersion = 8.3.3;
						ProvisioningStyle = Automatic;
						TestTargetID = 904D1A581F2EA72C0035015E;
					};
					904D1A7D1F2EA72F0035015E = {
						CreatedOnToolsVersion = 8.3.3;
						ProvisioningStyle = Automatic;
						TestTargetID = 904D1A581F2EA72C0035015E;
					};
				};
			};
			buildConfigurationList = 904D1A541F2EA72C0035015E /* Build configuration list for PBXProject "SpriteDemo" */;
			compatibilityVersion = "Xcode 3.2";
			developmentRegion = English;
			hasScannedForEncodings = 0;
			knownRegions = (
				en,
				Base,
			);
			mainGroup = 904D1A501F2EA72B0035015E;
			productRefGroup = 904D1A5A1F2EA72C0035015E /* Products */;
			projectDirPath = "";
			projectRoot = "";
			targets = (
				904D1A581F2EA72C0035015E /* SpriteDemo */,
				904D1A721F2EA72F0035015E /* SpriteDemoTests */,
				904D1A7D1F2EA72F0035015E /* SpriteDemoUITests */,
			);
		};
/* End PBXProject section */

/* Begin PBXResourcesBuildPhase section */
		904D1A571F2EA72C0035015E /* Resources */ = {
			isa = PBXResourcesBuildPhase;
			buildActionMask = 2147483647;
			files = (
				904D1A681F2EA72E0035015E /* Main.storyboard in Resources */,
				904D1A6A1F2EA72F0035015E /* Assets.xcassets in Resources */,
				904D1A6D1F2EA72F0035015E /* LaunchScreen.storyboard in Resources */,
				904D1A611F2EA72D0035015E /* Actions.sks in Resources */,
			);
			runOnlyForDeploymentPostprocessing = 0;
		};
		904D1A711F2EA72F0035015E /* Resources */ = {
			isa = PBXResourcesBuildPhase;
			buildActionMask = 2147483647;
			files = (
			);
			runOnlyForDeploymentPostprocessing = 0;
		};
		904D1A7C1F2EA72F0035015E /* Resources */ = {
			isa = PBXResourcesBuildPhase;
			buildActionMask = 2147483647;
			files = (
			);
			runOnlyForDeploymentPostprocessing = 0;
		};
/* End PBXResourcesBuildPhase section */

/* Begin PBXSourcesBuildPhase section */
		904D1A551F2EA72C0035015E /* Sources */ = {
			isa = PBXSourcesBuildPhase;
			buildActionMask = 2147483647;
			files = (
				904D1A631F2EA72D0035015E /* GameScene.swift in Sources */,
				904D1A651F2EA72E0035015E /* GameViewController.swift in Sources */,
				902648791F2F5A2E007148FE /* MyUntils.swift in Sources */,
				904D1A5D1F2EA72C0035015E /* AppDelegate.swift in Sources */,
			);
			runOnlyForDeploymentPostprocessing = 0;
		};
		904D1A6F1F2EA72F0035015E /* Sources */ = {
			isa = PBXSourcesBuildPhase;
			buildActionMask = 2147483647;
			files = (
				904D1A781F2EA72F0035015E /* SpriteDemoTests.swift in Sources */,
			);
			runOnlyForDeploymentPostprocessing = 0;
		};
		904D1A7A1F2EA72F0035015E /* Sources */ = {
			isa = PBXSourcesBuildPhase;
			buildActionMask = 2147483647;
			files = (
				904D1A831F2EA72F0035015E /* SpriteDemoUITests.swift in Sources */,
			);
			runOnlyForDeploymentPostprocessing = 0;
		};
/* End PBXSourcesBuildPhase section */

/* Begin PBXTargetDependency section */
		904D1A751F2EA72F0035015E /* PBXTargetDependency */ = {
			isa = PBXTargetDependency;
			target = 904D1A581F2EA72C0035015E /* SpriteDemo */;
			targetProxy = 904D1A741F2EA72F0035015E /* PBXContainerItemProxy */;
		};
		904D1A801F2EA72F0035015E /* PBXTargetDependency */ = {
			isa = PBXTargetDependency;
			target = 904D1A581F2EA72C0035015E /* SpriteDemo */;
			targetProxy = 904D1A7F1F2EA72F0035015E /* PBXContainerItemProxy */;
		};
/* End PBXTargetDependency section */

/* Begin PBXVariantGroup section */
		904D1A661F2EA72E0035015E /* Main.storyboard */ = {
			isa = PBXVariantGroup;
			children = (
				904D1A671F2EA72E0035015E /* Base */,
			);
			name = Main.storyboard;
			sourceTree = "<group>";
		};
		904D1A6B1F2EA72F0035015E /* LaunchScreen.storyboard */ = {
			isa = PBXVariantGroup;
			children = (
				904D1A6C1F2EA72F0035015E /* Base */,
			);
			name = LaunchScreen.storyboard;
			sourceTree = "<group>";
		};
/* End PBXVariantGroup section */

/* Begin XCBuildConfiguration section */
		904D1A851F2EA72F0035015E /* Debug */ = {
			isa = XCBuildConfiguration;
			buildSettings = {
				ALWAYS_SEARCH_USER_PATHS = NO;
				CLANG_ANALYZER_NONNULL = YES;
				CLANG_ANALYZER_NUMBER_OBJECT_CONVERSION = YES_AGGRESSIVE;
				CLANG_CXX_LANGUAGE_STANDARD = "gnu++0x";
				CLANG_CXX_LIBRARY = "libc++";
				CLANG_ENABLE_MODULES = YES;
				CLANG_ENABLE_OBJC_ARC = YES;
				CLANG_WARN_BOOL_CONVERSION = YES;
				CLANG_WARN_CONSTANT_CONVERSION = YES;
				CLANG_WARN_DIRECT_OBJC_ISA_USAGE = YES_ERROR;
				CLANG_WARN_DOCUMENTATION_COMMENTS = YES;
				CLANG_WARN_EMPTY_BODY = YES;
				CLANG_WARN_ENUM_CONVERSION = YES;
				CLANG_WARN_INFINITE_RECURSION = YES;
				CLANG_WARN_INT_CONVERSION = YES;
				CLANG_WARN_OBJC_ROOT_CLASS = YES_ERROR;
				CLANG_WARN_SUSPICIOUS_MOVE = YES;
				CLANG_WARN_UNREACHABLE_CODE = YES;
				CLANG_WARN__DUPLICATE_METHOD_MATCH = YES;
				"CODE_SIGN_IDENTITY[sdk=iphoneos*]" = "iPhone Developer";
				COPY_PHASE_STRIP = NO;
				DEBUG_INFORMATION_FORMAT = dwarf;
				ENABLE_STRICT_OBJC_MSGSEND = YES;
				ENABLE_TESTABILITY = YES;
				GCC_C_LANGUAGE_STANDARD = gnu99;
				GCC_DYNAMIC_NO_PIC = NO;
				GCC_NO_COMMON_BLOCKS = YES;
				GCC_OPTIMIZATION_LEVEL = 0;
				GCC_PREPROCESSOR_DEFINITIONS = (
					"DEBUG=1",
					"$(inherited)",
				);
				GCC_WARN_64_TO_32_BIT_CONVERSION = YES;
				GCC_WARN_ABOUT_RETURN_TYPE = YES_ERROR;
				GCC_WARN_UNDECLARED_SELECTOR = YES;
				GCC_WARN_UNINITIALIZED_AUTOS = YES_AGGRESSIVE;
				GCC_WARN_UNUSED_FUNCTION = YES;
				GCC_WARN_UNUSED_VARIABLE = YES;
				IPHONEOS_DEPLOYMENT_TARGET = 10.3;
				MTL_ENABLE_DEBUG_INFO = YES;
				ONLY_ACTIVE_ARCH = YES;
				SDKROOT = iphoneos;
				SWIFT_ACTIVE_COMPILATION_CONDITIONS = DEBUG;
				SWIFT_OPTIMIZATION_LEVEL = "-Onone";
			};
			name = Debug;
		};
		904D1A861F2EA72F0035015E /* Release */ = {
			isa = XCBuildConfiguration;
			buildSettings = {
				ALWAYS_SEARCH_USER_PATHS = NO;
				CLANG_ANALYZER_NONNULL = YES;
				CLANG_ANALYZER_NUMBER_OBJECT_CONVERSION = YES_AGGRESSIVE;
				CLANG_CXX_LANGUAGE_STANDARD = "gnu++0x";
				CLANG_CXX_LIBRARY = "libc++";
				CLANG_ENABLE_MODULES = YES;
				CLANG_ENABLE_OBJC_ARC = YES;
				CLANG_WARN_BOOL_CONVERSION = YES;
				CLANG_WARN_CONSTANT_CONVERSION = YES;
				CLANG_WARN_DIRECT_OBJC_ISA_USAGE = YES_ERROR;
				CLANG_WARN_DOCUMENTATION_COMMENTS = YES;
				CLANG_WARN_EMPTY_BODY = YES;
				CLANG_WARN_ENUM_CONVERSION = YES;
				CLANG_WARN_INFINITE_RECURSION = YES;
				CLANG_WARN_INT_CONVERSION = YES;
				CLANG_WARN_OBJC_ROOT_CLASS = YES_ERROR;
				CLANG_WARN_SUSPICIOUS_MOVE = YES;
				CLANG_WARN_UNREACHABLE_CODE = YES;
				CLANG_WARN__DUPLICATE_METHOD_MATCH = YES;
				"CODE_SIGN_IDENTITY[sdk=iphoneos*]" = "iPhone Developer";
				COPY_PHASE_STRIP = NO;
				DEBUG_INFORMATION_FORMAT = "dwarf-with-dsym";
				ENABLE_NS_ASSERTIONS = NO;
				ENABLE_STRICT_OBJC_MSGSEND = YES;
				GCC_C_LANGUAGE_STANDARD = gnu99;
				GCC_NO_COMMON_BLOCKS = YES;
				GCC_WARN_64_TO_32_BIT_CONVERSION = YES;
				GCC_WARN_ABOUT_RETURN_TYPE = YES_ERROR;
				GCC_WARN_UNDECLARED_SELECTOR = YES;
				GCC_WARN_UNINITIALIZED_AUTOS = YES_AGGRESSIVE;
				GCC_WARN_UNUSED_FUNCTION = YES;
				GCC_WARN_UNUSED_VARIABLE = YES;
				IPHONEOS_DEPLOYMENT_TARGET = 10.3;
				MTL_ENABLE_DEBUG_INFO = NO;
				SDKROOT = iphoneos;
				SWIFT_OPTIMIZATION_LEVEL = "-Owholemodule";
				VALIDATE_PRODUCT = YES;
			};
			name = Release;
		};
		904D1A881F2EA72F0035015E /* Debug */ = {
			isa = XCBuildConfiguration;
			buildSettings = {
				ASSETCATALOG_COMPILER_APPICON_NAME = AppIcon;
				INFOPLIST_FILE = SpriteDemo/Info.plist;
				LD_RUNPATH_SEARCH_PATHS = "$(inherited) @executable_path/Frameworks";
				PRODUCT_BUNDLE_IDENTIFIER = Lisen.SpriteDemo;
				PRODUCT_NAME = "$(TARGET_NAME)";
				SWIFT_VERSION = 3.0;
				TARGETED_DEVICE_FAMILY = "1,2";
			};
			name = Debug;
		};
		904D1A891F2EA72F0035015E /* Release */ = {
			isa = XCBuildConfiguration;
			buildSettings = {
				ASSETCATALOG_COMPILER_APPICON_NAME = AppIcon;
				INFOPLIST_FILE = SpriteDemo/Info.plist;
				LD_RUNPATH_SEARCH_PATHS = "$(inherited) @executable_path/Frameworks";
				PRODUCT_BUNDLE_IDENTIFIER = Lisen.SpriteDemo;
				PRODUCT_NAME = "$(TARGET_NAME)";
				SWIFT_VERSION = 3.0;
				TARGETED_DEVICE_FAMILY = "1,2";
			};
			name = Release;
		};
		904D1A8B1F2EA72F0035015E /* Debug */ = {
			isa = XCBuildConfiguration;
			buildSettings = {
				ALWAYS_EMBED_SWIFT_STANDARD_LIBRARIES = YES;
				BUNDLE_LOADER = "$(TEST_HOST)";
				INFOPLIST_FILE = SpriteDemoTests/Info.plist;
				LD_RUNPATH_SEARCH_PATHS = "$(inherited) @executable_path/Frameworks @loader_path/Frameworks";
				PRODUCT_BUNDLE_IDENTIFIER = Lisen.SpriteDemoTests;
				PRODUCT_NAME = "$(TARGET_NAME)";
				SWIFT_VERSION = 3.0;
				TEST_HOST = "$(BUILT_PRODUCTS_DIR)/SpriteDemo.app/SpriteDemo";
			};
			name = Debug;
		};
		904D1A8C1F2EA72F0035015E /* Release */ = {
			isa = XCBuildConfiguration;
			buildSettings = {
				ALWAYS_EMBED_SWIFT_STANDARD_LIBRARIES = YES;
				BUNDLE_LOADER = "$(TEST_HOST)";
				INFOPLIST_FILE = SpriteDemoTests/Info.plist;
				LD_RUNPATH_SEARCH_PATHS = "$(inherited) @executable_path/Frameworks @loader_path/Frameworks";
				PRODUCT_BUNDLE_IDENTIFIER = Lisen.SpriteDemoTests;
				PRODUCT_NAME = "$(TARGET_NAME)";
				SWIFT_VERSION = 3.0;
				TEST_HOST = "$(BUILT_PRODUCTS_DIR)/SpriteDemo.app/SpriteDemo";
			};
			name = Release;
		};
		904D1A8E1F2EA72F0035015E /* Debug */ = {
			isa = XCBuildConfiguration;
			buildSettings = {
				ALWAYS_EMBED_SWIFT_STANDARD_LIBRARIES = YES;
				INFOPLIST_FILE = SpriteDemoUITests/Info.plist;
				LD_RUNPATH_SEARCH_PATHS = "$(inherited) @executable_path/Frameworks @loader_path/Frameworks";
				PRODUCT_BUNDLE_IDENTIFIER = Lisen.SpriteDemoUITests;
				PRODUCT_NAME = "$(TARGET_NAME)";
				SWIFT_VERSION = 3.0;
				TEST_TARGET_NAME = SpriteDemo;
			};
			name = Debug;
		};
		904D1A8F1F2EA72F0035015E /* Release */ = {
			isa = XCBuildConfiguration;
			buildSettings = {
				ALWAYS_EMBED_SWIFT_STANDARD_LIBRARIES = YES;
				INFOPLIST_FILE = SpriteDemoUITests/Info.plist;
				LD_RUNPATH_SEARCH_PATHS = "$(inherited) @executable_path/Frameworks @loader_path/Frameworks";
				PRODUCT_BUNDLE_IDENTIFIER = Lisen.SpriteDemoUITests;
				PRODUCT_NAME = "$(TARGET_NAME)";
				SWIFT_VERSION = 3.0;
				TEST_TARGET_NAME = SpriteDemo;
			};
			name = Release;
		};
/* End XCBuildConfiguration section */

/* Begin XCConfigurationList section */
		904D1A541F2EA72C0035015E /* Build configuration list for PBXProject "SpriteDemo" */ = {
			isa = XCConfigurationList;
			buildConfigurations = (
				904D1A851F2EA72F0035015E /* Debug */,
				904D1A861F2EA72F0035015E /* Release */,
			);
			defaultConfigurationIsVisible = 0;
			defaultConfigurationName = Release;
		};
		904D1A871F2EA72F0035015E /* Build configuration list for PBXNativeTarget "SpriteDemo" */ = {
			isa = XCConfigurationList;
			buildConfigurations = (
				904D1A881F2EA72F0035015E /* Debug */,
				904D1A891F2EA72F0035015E /* Release */,
			);
			defaultConfigurationIsVisible = 0;
			defaultConfigurationName = Release;
		};
		904D1A8A1F2EA72F0035015E /* Build configuration list for PBXNativeTarget "SpriteDemoTests" */ = {
			isa = XCConfigurationList;
			buildConfigurations = (
				904D1A8B1F2EA72F0035015E /* Debug */,
				904D1A8C1F2EA72F0035015E /* Release */,
			);
			defaultConfigurationIsVisible = 0;
			defaultConfigurationName = Release;
		};
		904D1A8D1F2EA72F0035015E /* Build configuration list for PBXNativeTarget "SpriteDemoUITests" */ = {
			isa = XCConfigurationList;
			buildConfigurations = (
				904D1A8E1F2EA72F0035015E /* Debug */,
				904D1A8F1F2EA72F0035015E /* Release */,
			);
			defaultConfigurationIsVisible = 0;
			defaultConfigurationName = Release;
		};
/* End XCConfigurationList section */
	};
	rootObject = 904D1A511F2EA72C0035015E /* Project object */;
}
